
Microsoft Visual Studio Solution File, Format Version 12.00
# Visual Studio 2012
Project("{D954291E-2A0B-460D-934E-DC6B0785DB48}") = "IMed", "IMed\IMed.shproj", "{B949BBFA-DD46-4206-97DB-FEA646EC0D5D}"
EndProject
Project("{FAE04EC0-301F-11D3-BF4B-00C04F79EFBC}") = "IMed.iOS", "iOS\IMed.iOS.csproj", "{EC9B013F-50C5-4DE4-B8C4-D1E5D895AED4}"
EndProject
Project("{FAE04EC0-301F-11D3-BF4B-00C04F79EFBC}") = "IMed.Droid", "Droid\IMed.Droid.csproj", "{09D5602D-40B4-464A-9569-63684B4D0ACF}"
EndProject
Project("{FAE04EC0-301F-11D3-BF4B-00C04F79EFBC}") = "IMed.MobileAppService", "MobileAppService\IMed.MobileAppService.csproj", "{D15F24D9-1444-48E7-A2C8-17C72E73168D}"
EndProject
Global
	GlobalSection(SolutionConfigurationPlatforms) = preSolution
		Debug|iPhoneSimulator = Debug|iPhoneSimulator
		Release|iPhone = Release|iPhone
		Release|iPhoneSimulator = Release|iPhoneSimulator
		Debug|iPhone = Debug|iPhone
		Debug|Any CPU = Debug|Any CPU
		Release|Any CPU = Release|Any CPU
	EndGlobalSection
	GlobalSection(ProjectConfigurationPlatforms) = postSolution
		{EC9B013F-50C5-4DE4-B8C4-D1E5D895AED4}.Debug|iPhoneSimulator.ActiveCfg = Debug|iPhoneSimulator
		{EC9B013F-50C5-4DE4-B8C4-D1E5D895AED4}.Debug|iPhoneSimulator.Build.0 = Debug|iPhoneSimulator
		{EC9B013F-50C5-4DE4-B8C4-D1E5D895AED4}.Release|iPhone.ActiveCfg = Release|iPhone
		{EC9B013F-50C5-4DE4-B8C4-D1E5D895AED4}.Release|iPhone.Build.0 = Release|iPhone
		{EC9B013F-50C5-4DE4-B8C4-D1E5D895AED4}.Release|iPhoneSimulator.ActiveCfg = Release|iPhoneSimulator
		{EC9B013F-50C5-4DE4-B8C4-D1E5D895AED4}.Release|iPhoneSimulator.Build.0 = Release|iPhoneSimulator
		{EC9B013F-50C5-4DE4-B8C4-D1E5D895AED4}.Debug|iPhone.ActiveCfg = Debug|iPhone
		{EC9B013F-50C5-4DE4-B8C4-D1E5D895AED4}.Debug|iPhone.Build.0 = Debug|iPhone
		{EC9B013F-50C5-4DE4-B8C4-D1E5D895AED4}.Debug|Any CPU.ActiveCfg = Debug|iPhoneSimulator
		{EC9B013F-50C5-4DE4-B8C4-D1E5D895AED4}.Debug|Any CPU.Build.0 = Debug|iPhoneSimulator
		{EC9B013F-50C5-4DE4-B8C4-D1E5D895AED4}.Release|Any CPU.ActiveCfg = Release|iPhone
		{EC9B013F-50C5-4DE4-B8C4-D1E5D895AED4}.Release|Any CPU.Build.0 = Release|iPhone
		{09D5602D-40B4-464A-9569-63684B4D0ACF}.Debug|iPhoneSimulator.ActiveCfg = Debug|Any CPU
		{09D5602D-40B4-464A-9569-63684B4D0ACF}.Debug|iPhoneSimulator.Build.0 = Debug|Any CPU
		{09D5602D-40B4-464A-9569-63684B4D0ACF}.Release|iPhone.ActiveCfg = Release|Any CPU
		{09D5602D-40B4-464A-9569-63684B4D0ACF}.Release|iPhone.Build.0 = Release|Any CPU
		{09D5602D-40B4-464A-9569-63684B4D0ACF}.Release|iPhoneSimulator.ActiveCfg = Release|Any CPU
		{09D5602D-40B4-464A-9569-63684B4D0ACF}.Release|iPhoneSimulator.Build.0 = Release|Any CPU
		{09D5602D-40B4-464A-9569-63684B4D0ACF}.Debug|iPhone.ActiveCfg = Debug|Any CPU
		{09D5602D-40B4-464A-9569-63684B4D0ACF}.Debug|iPhone.Build.0 = Debug|Any CPU
		{09D5602D-40B4-464A-9569-63684B4D0ACF}.Debug|Any CPU.ActiveCfg = Debug|Any CPU
		{09D5602D-40B4-464A-9569-63684B4D0ACF}.Debug|Any CPU.Build.0 = Debug|Any CPU
		{09D5602D-40B4-464A-9569-63684B4D0ACF}.Release|Any CPU.ActiveCfg = Release|Any CPU
		{09D5602D-40B4-464A-9569-63684B4D0ACF}.Release|Any CPU.Build.0 = Release|Any CPU
		{D15F24D9-1444-48E7-A2C8-17C72E73168D}.Debug|iPhoneSimulator.ActiveCfg = Debug|Any CPU
		{D15F24D9-1444-48E7-A2C8-17C72E73168D}.Debug|iPhoneSimulator.Build.0 = Debug|Any CPU
		{D15F24D9-1444-48E7-A2C8-17C72E73168D}.Release|iPhone.ActiveCfg = Release|Any CPU
		{D15F24D9-1444-48E7-A2C8-17C72E73168D}.Release|iPhone.Build.0 = Release|Any CPU
		{D15F24D9-1444-48E7-A2C8-17C72E73168D}.Release|iPhoneSimulator.ActiveCfg = Release|Any CPU
		{D15F24D9-1444-48E7-A2C8-17C72E73168D}.Release|iPhoneSimulator.Build.0 = Release|Any CPU
		{D15F24D9-1444-48E7-A2C8-17C72E73168D}.Debug|iPhone.ActiveCfg = Debug|Any CPU
		{D15F24D9-1444-48E7-A2C8-17C72E73168D}.Debug|iPhone.Build.0 = Debug|Any CPU
		{D15F24D9-1444-48E7-A2C8-17C72E73168D}.Debug|Any CPU.ActiveCfg = Debug|Any CPU
		{D15F24D9-1444-48E7-A2C8-17C72E73168D}.Debug|Any CPU.Build.0 = Debug|Any CPU
		{D15F24D9-1444-48E7-A2C8-17C72E73168D}.Release|Any CPU.ActiveCfg = Release|Any CPU
		{D15F24D9-1444-48E7-A2C8-17C72E73168D}.Release|Any CPU.Build.0 = Release|Any CPU
	EndGlobalSection
EndGlobal
